Microsoft Visual Studio Solution File, Format Version 8.00
Project("{8BC9CEB8-8B4A-11D0-8D11-00A0C91BC942}") = "Tan.H", "Tan.H\Tan.H.vcproj", "{536390F0-0CE9-42CA-AA0D-A7CCA8E5AF8E}"
	ProjectSection(ProjectDependencies) = postProject
	EndProjectSection
EndProject
Project("{8BC9CEB8-8B4A-11D0-8D11-00A0C91BC942}") = "MfcCtrls", "MfcCtrls\MfcCtrls.vcproj", "{D5A13ED7-8A3D-48EC-9033-0E43DBF28135}"
	ProjectSection(ProjectDependencies) = postProject
	EndProjectSection
EndProject
Project("{8BC9CEB8-8B4A-11D0-8D11-00A0C91BC942}") = "Arith", "Arith\Arith.vcproj", "{C53C3036-90E8-42A8-80C5-D0852EBC481E}"
	ProjectSection(ProjectDependencies) = postProject
	EndProjectSection
EndProject
Project("{8BC9CEB8-8B4A-11D0-8D11-00A0C91BC942}") = "PopupDlgDll", "..\PopupDlgDll\src\PopupDlg.vcproj", "{727A2137-BCAE-4C8F-B651-CEC98203C3B8}"
	ProjectSection(ProjectDependencies) = postProject
	EndProjectSection
EndProject
Project("{8BC9CEB8-8B4A-11D0-8D11-00A0C91BC942}") = "RegExpDll", "..\RegExpDll\RegExpDll.vcproj", "{4964F062-C476-4FE3-95A7-FB85A17DAA79}"
	ProjectSection(ProjectDependencies) = postProject
	EndProjectSection
EndProject
Project("{8BC9CEB8-8B4A-11D0-8D11-00A0C91BC942}") = "MsgHookDll", "..\MsgHookDll\MsgHook.vcproj", "{8FEA8716-7027-431C-9B90-0D8D52E66DED}"
	ProjectSection(ProjectDependencies) = postProject
	EndProjectSection
EndProject
Project("{8BC9CEB8-8B4A-11D0-8D11-00A0C91BC942}") = "RemoteHookTest", "RemoteHookTest\RemoteHookTest.vcproj", "{0382DE15-EE67-4082-A687-FFDCE78D619B}"
	ProjectSection(ProjectDependencies) = postProject
	EndProjectSection
EndProject
Project("{8BC9CEB8-8B4A-11D0-8D11-00A0C91BC942}") = "RemoteHookDll", "..\RemoteHookDll\RemoteHookDll.vcproj", "{2382D20A-C951-4ACD-B0A8-ABAC395FD48E}"
	ProjectSection(ProjectDependencies) = postProject
	EndProjectSection
EndProject
Project("{8BC9CEB8-8B4A-11D0-8D11-00A0C91BC942}") = "LiveUpdateDll", "..\LiveUpdateDll\LiveUpdateDll.vcproj", "{838FF780-E5CD-4DA8-99B5-5171A925FFBE}"
	ProjectSection(ProjectDependencies) = postProject
	EndProjectSection
EndProject
Project("{8BC9CEB8-8B4A-11D0-8D11-00A0C91BC942}") = "MfcCtrlsTest", "MfcCtrlsTest\MfcCtrlsTest.vcproj", "{9E806EED-C407-46F6-B0CD-A78043FA11A2}"
	ProjectSection(ProjectDependencies) = postProject
	EndProjectSection
EndProject
Project("{8BC9CEB8-8B4A-11D0-8D11-00A0C91BC942}") = "AllTest", "AllTest\AllTest.vcproj", "{37C49032-2515-45A4-A954-C45321C2CF64}"
	ProjectSection(ProjectDependencies) = postProject
	EndProjectSection
EndProject
Project("{8BC9CEB8-8B4A-11D0-8D11-00A0C91BC942}") = "DBBrowser", "..\DBBrowser\DBBrowser.vcproj", "{AD12392B-07E6-4FF3-89D2-310D3BDCC47D}"
	ProjectSection(ProjectDependencies) = postProject
	EndProjectSection
EndProject
Project("{8BC9CEB8-8B4A-11D0-8D11-00A0C91BC942}") = "DataMaker", "..\DataMaker\DataMaker.vcproj", "{09D209D9-45F1-4B53-AECC-C29CB5734C40}"
	ProjectSection(ProjectDependencies) = postProject
	EndProjectSection
EndProject
Project("{8BC9CEB8-8B4A-11D0-8D11-00A0C91BC942}") = "HttpServer", "..\HttpServer\HttpServer.vcproj", "{F62A5742-E0BD-418A-8649-01F835D05895}"
	ProjectSection(ProjectDependencies) = postProject
	EndProjectSection
EndProject
Project("{8BC9CEB8-8B4A-11D0-8D11-00A0C91BC942}") = "MiscTools", "..\MiscTools\MiscTools.vcproj", "{DF614B23-DBF5-4F40-A310-24D49F24BA11}"
	ProjectSection(ProjectDependencies) = postProject
	EndProjectSection
EndProject
Project("{8BC9CEB8-8B4A-11D0-8D11-00A0C91BC942}") = "SnifferCap", "..\sniffercap\imtest.vcproj", "{85F20A09-0645-4EAA-A131-5B0F5F752841}"
	ProjectSection(ProjectDependencies) = postProject
	EndProjectSection
EndProject
Project("{8BC9CEB8-8B4A-11D0-8D11-00A0C91BC942}") = "SimpleShare", "..\SimpleShare\SimpleShare.vcproj", "{0A93D226-9A86-4C3D-9691-DDBA52E79AD2}"
	ProjectSection(ProjectDependencies) = postProject
	EndProjectSection
EndProject
Project("{8BC9CEB8-8B4A-11D0-8D11-00A0C91BC942}") = "THScriptDebugger", "..\THScriptDebugger\THScriptDebugger.vcproj", "{870E3250-81D4-4DDA-A3D7-EA390669F5B5}"
	ProjectSection(ProjectDependencies) = postProject
	EndProjectSection
EndProject
Project("{8BC9CEB8-8B4A-11D0-8D11-00A0C91BC942}") = "PluginHttpsServer", "..\HttpServer\PluginHttpsServer\PluginHttpsServer.vcproj", "{6A6F2110-A785-4404-B6E6-E7D3FD8BD04B}"
	ProjectSection(ProjectDependencies) = postProject
	EndProjectSection
EndProject
Global
	GlobalSection(SolutionConfiguration) = preSolution
		Arith_Dyn_Debug = Arith_Dyn_Debug
		Arith_Dyn_Release = Arith_Dyn_Release
		Arith_Static_Debug = Arith_Static_Debug
		Arith_Static_Release = Arith_Static_Release
		Debug = Debug
		Mfc_Dyn_Debug = Mfc_Dyn_Debug
		Mfc_Dyn_Release = Mfc_Dyn_Release
		Mfc_Dyn_Unicode_Debug = Mfc_Dyn_Unicode_Debug
		Mfc_Dyn_Unicode_Release = Mfc_Dyn_Unicode_Release
		Mfc_Static_Debug = Mfc_Static_Debug
		Mfc_Static_Release = Mfc_Static_Release
		Mfc_Static_Unicode_Debug = Mfc_Static_Unicode_Debug
		Mfc_Static_Unicode_Release = Mfc_Static_Unicode_Release
		Release = Release
	EndGlobalSection
	GlobalSection(ProjectConfiguration) = postSolution
		{536390F0-0CE9-42CA-AA0D-A7CCA8E5AF8E}.Arith_Dyn_Debug.ActiveCfg = Debug|Win32
		{536390F0-0CE9-42CA-AA0D-A7CCA8E5AF8E}.Arith_Dyn_Debug.Build.0 = Debug|Win32
		{536390F0-0CE9-42CA-AA0D-A7CCA8E5AF8E}.Arith_Dyn_Release.ActiveCfg = Release|Win32
		{536390F0-0CE9-42CA-AA0D-A7CCA8E5AF8E}.Arith_Dyn_Release.Build.0 = Release|Win32
		{536390F0-0CE9-42CA-AA0D-A7CCA8E5AF8E}.Arith_Static_Debug.ActiveCfg = Debug|Win32
		{536390F0-0CE9-42CA-AA0D-A7CCA8E5AF8E}.Arith_Static_Debug.Build.0 = Debug|Win32
		{536390F0-0CE9-42CA-AA0D-A7CCA8E5AF8E}.Arith_Static_Release.ActiveCfg = Release|Win32
		{536390F0-0CE9-42CA-AA0D-A7CCA8E5AF8E}.Arith_Static_Release.Build.0 = Release|Win32
		{536390F0-0CE9-42CA-AA0D-A7CCA8E5AF8E}.Debug.ActiveCfg = Debug|Win32
		{536390F0-0CE9-42CA-AA0D-A7CCA8E5AF8E}.Mfc_Dyn_Debug.ActiveCfg = Debug|Win32
		{536390F0-0CE9-42CA-AA0D-A7CCA8E5AF8E}.Mfc_Dyn_Debug.Build.0 = Debug|Win32
		{536390F0-0CE9-42CA-AA0D-A7CCA8E5AF8E}.Mfc_Dyn_Release.ActiveCfg = Release|Win32
		{536390F0-0CE9-42CA-AA0D-A7CCA8E5AF8E}.Mfc_Dyn_Release.Build.0 = Release|Win32
		{536390F0-0CE9-42CA-AA0D-A7CCA8E5AF8E}.Mfc_Dyn_Unicode_Debug.ActiveCfg = Debug|Win32
		{536390F0-0CE9-42CA-AA0D-A7CCA8E5AF8E}.Mfc_Dyn_Unicode_Debug.Build.0 = Debug|Win32
		{536390F0-0CE9-42CA-AA0D-A7CCA8E5AF8E}.Mfc_Dyn_Unicode_Release.ActiveCfg = Release|Win32
		{536390F0-0CE9-42CA-AA0D-A7CCA8E5AF8E}.Mfc_Dyn_Unicode_Release.Build.0 = Release|Win32
		{536390F0-0CE9-42CA-AA0D-A7CCA8E5AF8E}.Mfc_Static_Debug.ActiveCfg = Debug|Win32
		{536390F0-0CE9-42CA-AA0D-A7CCA8E5AF8E}.Mfc_Static_Debug.Build.0 = Debug|Win32
		{536390F0-0CE9-42CA-AA0D-A7CCA8E5AF8E}.Mfc_Static_Release.ActiveCfg = Release|Win32
		{536390F0-0CE9-42CA-AA0D-A7CCA8E5AF8E}.Mfc_Static_Release.Build.0 = Release|Win32
		{536390F0-0CE9-42CA-AA0D-A7CCA8E5AF8E}.Mfc_Static_Unicode_Debug.ActiveCfg = Debug|Win32
		{536390F0-0CE9-42CA-AA0D-A7CCA8E5AF8E}.Mfc_Static_Unicode_Debug.Build.0 = Debug|Win32
		{536390F0-0CE9-42CA-AA0D-A7CCA8E5AF8E}.Mfc_Static_Unicode_Release.ActiveCfg = Release|Win32
		{536390F0-0CE9-42CA-AA0D-A7CCA8E5AF8E}.Mfc_Static_Unicode_Release.Build.0 = Release|Win32
		{536390F0-0CE9-42CA-AA0D-A7CCA8E5AF8E}.Release.ActiveCfg = Release|Win32
		{D5A13ED7-8A3D-48EC-9033-0E43DBF28135}.Arith_Dyn_Debug.ActiveCfg = Debug|Win32
		{D5A13ED7-8A3D-48EC-9033-0E43DBF28135}.Arith_Dyn_Debug.Build.0 = Debug|Win32
		{D5A13ED7-8A3D-48EC-9033-0E43DBF28135}.Arith_Dyn_Release.ActiveCfg = Release|Win32
		{D5A13ED7-8A3D-48EC-9033-0E43DBF28135}.Arith_Dyn_Release.Build.0 = Release|Win32
		{D5A13ED7-8A3D-48EC-9033-0E43DBF28135}.Arith_Static_Debug.ActiveCfg = Debug|Win32
		{D5A13ED7-8A3D-48EC-9033-0E43DBF28135}.Arith_Static_Debug.Build.0 = Debug|Win32
		{D5A13ED7-8A3D-48EC-9033-0E43DBF28135}.Arith_Static_Release.ActiveCfg = Release|Win32
		{D5A13ED7-8A3D-48EC-9033-0E43DBF28135}.Arith_Static_Release.Build.0 = Release|Win32
		{D5A13ED7-8A3D-48EC-9033-0E43DBF28135}.Debug.ActiveCfg = Debug|Win32
		{D5A13ED7-8A3D-48EC-9033-0E43DBF28135}.Mfc_Dyn_Debug.ActiveCfg = Mfc_Dyn_Debug|Win32
		{D5A13ED7-8A3D-48EC-9033-0E43DBF28135}.Mfc_Dyn_Debug.Build.0 = Mfc_Dyn_Debug|Win32
		{D5A13ED7-8A3D-48EC-9033-0E43DBF28135}.Mfc_Dyn_Release.ActiveCfg = Mfc_Dyn_Release|Win32
		{D5A13ED7-8A3D-48EC-9033-0E43DBF28135}.Mfc_Dyn_Release.Build.0 = Mfc_Dyn_Release|Win32
		{D5A13ED7-8A3D-48EC-9033-0E43DBF28135}.Mfc_Dyn_Unicode_Debug.ActiveCfg = Mfc_Static_Release|Win32
		{D5A13ED7-8A3D-48EC-9033-0E43DBF28135}.Mfc_Dyn_Unicode_Debug.Build.0 = Mfc_Static_Release|Win32
		{D5A13ED7-8A3D-48EC-9033-0E43DBF28135}.Mfc_Dyn_Unicode_Release.ActiveCfg = Mfc_Dyn_Unicode_Release|Win32
		{D5A13ED7-8A3D-48EC-9033-0E43DBF28135}.Mfc_Dyn_Unicode_Release.Build.0 = Mfc_Dyn_Unicode_Release|Win32
		{D5A13ED7-8A3D-48EC-9033-0E43DBF28135}.Mfc_Static_Debug.ActiveCfg = Mfc_Static_Debug|Win32
		{D5A13ED7-8A3D-48EC-9033-0E43DBF28135}.Mfc_Static_Debug.Build.0 = Mfc_Static_Debug|Win32
		{D5A13ED7-8A3D-48EC-9033-0E43DBF28135}.Mfc_Static_Release.ActiveCfg = Mfc_Static_Release|Win32
		{D5A13ED7-8A3D-48EC-9033-0E43DBF28135}.Mfc_Static_Release.Build.0 = Mfc_Static_Release|Win32
		{D5A13ED7-8A3D-48EC-9033-0E43DBF28135}.Mfc_Static_Unicode_Debug.ActiveCfg = Mfc_Static_Unicode_Debug|Win32
		{D5A13ED7-8A3D-48EC-9033-0E43DBF28135}.Mfc_Static_Unicode_Debug.Build.0 = Mfc_Static_Unicode_Debug|Win32
		{D5A13ED7-8A3D-48EC-9033-0E43DBF28135}.Mfc_Static_Unicode_Release.ActiveCfg = Mfc_Static_Unicode_Release|Win32
		{D5A13ED7-8A3D-48EC-9033-0E43DBF28135}.Mfc_Static_Unicode_Release.Build.0 = Mfc_Static_Unicode_Release|Win32
		{D5A13ED7-8A3D-48EC-9033-0E43DBF28135}.Release.ActiveCfg = Release|Win32
		{C53C3036-90E8-42A8-80C5-D0852EBC481E}.Arith_Dyn_Debug.ActiveCfg = Arith_Dyn_Debug|Win32
		{C53C3036-90E8-42A8-80C5-D0852EBC481E}.Arith_Dyn_Debug.Build.0 = Arith_Dyn_Debug|Win32
		{C53C3036-90E8-42A8-80C5-D0852EBC481E}.Arith_Dyn_Release.ActiveCfg = Arith_Dyn_Release|Win32
		{C53C3036-90E8-42A8-80C5-D0852EBC481E}.Arith_Dyn_Release.Build.0 = Arith_Dyn_Release|Win32
		{C53C3036-90E8-42A8-80C5-D0852EBC481E}.Arith_Static_Debug.ActiveCfg = Arith_Static_Debug|Win32
		{C53C3036-90E8-42A8-80C5-D0852EBC481E}.Arith_Static_Debug.Build.0 = Arith_Static_Debug|Win32
		{C53C3036-90E8-42A8-80C5-D0852EBC481E}.Arith_Static_Release.ActiveCfg = Arith_Static_Release|Win32
		{C53C3036-90E8-42A8-80C5-D0852EBC481E}.Arith_Static_Release.Build.0 = Arith_Static_Release|Win32
		{C53C3036-90E8-42A8-80C5-D0852EBC481E}.Debug.ActiveCfg = Debug|Win32
		{C53C3036-90E8-42A8-80C5-D0852EBC481E}.Mfc_Dyn_Debug.ActiveCfg = Debug|Win32
		{C53C3036-90E8-42A8-80C5-D0852EBC481E}.Mfc_Dyn_Debug.Build.0 = Debug|Win32
		{C53C3036-90E8-42A8-80C5-D0852EBC481E}.Mfc_Dyn_Release.ActiveCfg = Release|Win32
		{C53C3036-90E8-42A8-80C5-D0852EBC481E}.Mfc_Dyn_Release.Build.0 = Release|Win32
		{C53C3036-90E8-42A8-80C5-D0852EBC481E}.Mfc_Dyn_Unicode_Debug.ActiveCfg = Debug|Win32
		{C53C3036-90E8-42A8-80C5-D0852EBC481E}.Mfc_Dyn_Unicode_Debug.Build.0 = Debug|Win32
		{C53C3036-90E8-42A8-80C5-D0852EBC481E}.Mfc_Dyn_Unicode_Release.ActiveCfg = Release|Win32
		{C53C3036-90E8-42A8-80C5-D0852EBC481E}.Mfc_Dyn_Unicode_Release.Build.0 = Release|Win32
		{C53C3036-90E8-42A8-80C5-D0852EBC481E}.Mfc_Static_Debug.ActiveCfg = Debug|Win32
		{C53C3036-90E8-42A8-80C5-D0852EBC481E}.Mfc_Static_Debug.Build.0 = Debug|Win32
		{C53C3036-90E8-42A8-80C5-D0852EBC481E}.Mfc_Static_Release.ActiveCfg = Release|Win32
		{C53C3036-90E8-42A8-80C5-D0852EBC481E}.Mfc_Static_Release.Build.0 = Release|Win32
		{C53C3036-90E8-42A8-80C5-D0852EBC481E}.Mfc_Static_Unicode_Debug.ActiveCfg = Debug|Win32
		{C53C3036-90E8-42A8-80C5-D0852EBC481E}.Mfc_Static_Unicode_Debug.Build.0 = Debug|Win32
		{C53C3036-90E8-42A8-80C5-D0852EBC481E}.Mfc_Static_Unicode_Release.ActiveCfg = Release|Win32
		{C53C3036-90E8-42A8-80C5-D0852EBC481E}.Mfc_Static_Unicode_Release.Build.0 = Release|Win32
		{C53C3036-90E8-42A8-80C5-D0852EBC481E}.Release.ActiveCfg = Release|Win32
		{727A2137-BCAE-4C8F-B651-CEC98203C3B8}.Arith_Dyn_Debug.ActiveCfg = Debug|Win32
		{727A2137-BCAE-4C8F-B651-CEC98203C3B8}.Arith_Dyn_Debug.Build.0 = Debug|Win32
		{727A2137-BCAE-4C8F-B651-CEC98203C3B8}.Arith_Dyn_Release.ActiveCfg = Release|Win32
		{727A2137-BCAE-4C8F-B651-CEC98203C3B8}.Arith_Dyn_Release.Build.0 = Release|Win32
		{727A2137-BCAE-4C8F-B651-CEC98203C3B8}.Arith_Static_Debug.ActiveCfg = Debug|Win32
		{727A2137-BCAE-4C8F-B651-CEC98203C3B8}.Arith_Static_Debug.Build.0 = Debug|Win32
		{727A2137-BCAE-4C8F-B651-CEC98203C3B8}.Arith_Static_Release.ActiveCfg = Release|Win32
		{727A2137-BCAE-4C8F-B651-CEC98203C3B8}.Arith_Static_Release.Build.0 = Release|Win32
		{727A2137-BCAE-4C8F-B651-CEC98203C3B8}.Debug.ActiveCfg = Debug|Win32
		{727A2137-BCAE-4C8F-B651-CEC98203C3B8}.Mfc_Dyn_Debug.ActiveCfg = Debug|Win32
		{727A2137-BCAE-4C8F-B651-CEC98203C3B8}.Mfc_Dyn_Debug.Build.0 = Debug|Win32
		{727A2137-BCAE-4C8F-B651-CEC98203C3B8}.Mfc_Dyn_Release.ActiveCfg = Release|Win32
		{727A2137-BCAE-4C8F-B651-CEC98203C3B8}.Mfc_Dyn_Release.Build.0 = Release|Win32
		{727A2137-BCAE-4C8F-B651-CEC98203C3B8}.Mfc_Dyn_Unicode_Debug.ActiveCfg = Debug|Win32
		{727A2137-BCAE-4C8F-B651-CEC98203C3B8}.Mfc_Dyn_Unicode_Debug.Build.0 = Debug|Win32
		{727A2137-BCAE-4C8F-B651-CEC98203C3B8}.Mfc_Dyn_Unicode_Release.ActiveCfg = Release|Win32
		{727A2137-BCAE-4C8F-B651-CEC98203C3B8}.Mfc_Dyn_Unicode_Release.Build.0 = Release|Win32
		{727A2137-BCAE-4C8F-B651-CEC98203C3B8}.Mfc_Static_Debug.ActiveCfg = Debug|Win32
		{727A2137-BCAE-4C8F-B651-CEC98203C3B8}.Mfc_Static_Debug.Build.0 = Debug|Win32
		{727A2137-BCAE-4C8F-B651-CEC98203C3B8}.Mfc_Static_Release.ActiveCfg = Release|Win32
		{727A2137-BCAE-4C8F-B651-CEC98203C3B8}.Mfc_Static_Release.Build.0 = Release|Win32
		{727A2137-BCAE-4C8F-B651-CEC98203C3B8}.Mfc_Static_Unicode_Debug.ActiveCfg = Debug|Win32
		{727A2137-BCAE-4C8F-B651-CEC98203C3B8}.Mfc_Static_Unicode_Debug.Build.0 = Debug|Win32
		{727A2137-BCAE-4C8F-B651-CEC98203C3B8}.Mfc_Static_Unicode_Release.ActiveCfg = Release|Win32
		{727A2137-BCAE-4C8F-B651-CEC98203C3B8}.Mfc_Static_Unicode_Release.Build.0 = Release|Win32
		{727A2137-BCAE-4C8F-B651-CEC98203C3B8}.Release.ActiveCfg = Release|Win32
		{4964F062-C476-4FE3-95A7-FB85A17DAA79}.Arith_Dyn_Debug.ActiveCfg = Debug|Win32
		{4964F062-C476-4FE3-95A7-FB85A17DAA79}.Arith_Dyn_Debug.Build.0 = Debug|Win32
		{4964F062-C476-4FE3-95A7-FB85A17DAA79}.Arith_Dyn_Release.ActiveCfg = Release|Win32
		{4964F062-C476-4FE3-95A7-FB85A17DAA79}.Arith_Dyn_Release.Build.0 = Release|Win32
		{4964F062-C476-4FE3-95A7-FB85A17DAA79}.Arith_Static_Debug.ActiveCfg = Debug|Win32
		{4964F062-C476-4FE3-95A7-FB85A17DAA79}.Arith_Static_Debug.Build.0 = Debug|Win32
		{4964F062-C476-4FE3-95A7-FB85A17DAA79}.Arith_Static_Release.ActiveCfg = Release|Win32
		{4964F062-C476-4FE3-95A7-FB85A17DAA79}.Arith_Static_Release.Build.0 = Release|Win32
		{4964F062-C476-4FE3-95A7-FB85A17DAA79}.Debug.ActiveCfg = Debug|Win32
		{4964F062-C476-4FE3-95A7-FB85A17DAA79}.Mfc_Dyn_Debug.ActiveCfg = Debug|Win32
		{4964F062-C476-4FE3-95A7-FB85A17DAA79}.Mfc_Dyn_Debug.Build.0 = Debug|Win32
		{4964F062-C476-4FE3-95A7-FB85A17DAA79}.Mfc_Dyn_Release.ActiveCfg = Release|Win32
		{4964F062-C476-4FE3-95A7-FB85A17DAA79}.Mfc_Dyn_Release.Build.0 = Release|Win32
		{4964F062-C476-4FE3-95A7-FB85A17DAA79}.Mfc_Dyn_Unicode_Debug.ActiveCfg = Debug|Win32
		{4964F062-C476-4FE3-95A7-FB85A17DAA79}.Mfc_Dyn_Unicode_Debug.Build.0 = Debug|Win32
		{4964F062-C476-4FE3-95A7-FB85A17DAA79}.Mfc_Dyn_Unicode_Release.ActiveCfg = Release|Win32
		{4964F062-C476-4FE3-95A7-FB85A17DAA79}.Mfc_Dyn_Unicode_Release.Build.0 = Release|Win32
		{4964F062-C476-4FE3-95A7-FB85A17DAA79}.Mfc_Static_Debug.ActiveCfg = Debug|Win32
		{4964F062-C476-4FE3-95A7-FB85A17DAA79}.Mfc_Static_Debug.Build.0 = Debug|Win32
		{4964F062-C476-4FE3-95A7-FB85A17DAA79}.Mfc_Static_Release.ActiveCfg = Release|Win32
		{4964F062-C476-4FE3-95A7-FB85A17DAA79}.Mfc_Static_Release.Build.0 = Release|Win32
		{4964F062-C476-4FE3-95A7-FB85A17DAA79}.Mfc_Static_Unicode_Debug.ActiveCfg = Debug|Win32
		{4964F062-C476-4FE3-95A7-FB85A17DAA79}.Mfc_Static_Unicode_Debug.Build.0 = Debug|Win32
		{4964F062-C476-4FE3-95A7-FB85A17DAA79}.Mfc_Static_Unicode_Release.ActiveCfg = Release|Win32
		{4964F062-C476-4FE3-95A7-FB85A17DAA79}.Mfc_Static_Unicode_Release.Build.0 = Release|Win32
		{4964F062-C476-4FE3-95A7-FB85A17DAA79}.Release.ActiveCfg = Release|Win32
		{8FEA8716-7027-431C-9B90-0D8D52E66DED}.Arith_Dyn_Debug.ActiveCfg = Debug|Win32
		{8FEA8716-7027-431C-9B90-0D8D52E66DED}.Arith_Dyn_Debug.Build.0 = Debug|Win32
		{8FEA8716-7027-431C-9B90-0D8D52E66DED}.Arith_Dyn_Release.ActiveCfg = Release|Win32
		{8FEA8716-7027-431C-9B90-0D8D52E66DED}.Arith_Dyn_Release.Build.0 = Release|Win32
		{8FEA8716-7027-431C-9B90-0D8D52E66DED}.Arith_Static_Debug.ActiveCfg = Debug|Win32
		{8FEA8716-7027-431C-9B90-0D8D52E66DED}.Arith_Static_Debug.Build.0 = Debug|Win32
		{8FEA8716-7027-431C-9B90-0D8D52E66DED}.Arith_Static_Release.ActiveCfg = Release|Win32
		{8FEA8716-7027-431C-9B90-0D8D52E66DED}.Arith_Static_Release.Build.0 = Release|Win32
		{8FEA8716-7027-431C-9B90-0D8D52E66DED}.Debug.ActiveCfg = Debug|Win32
		{8FEA8716-7027-431C-9B90-0D8D52E66DED}.Mfc_Dyn_Debug.ActiveCfg = Debug|Win32
		{8FEA8716-7027-431C-9B90-0D8D52E66DED}.Mfc_Dyn_Debug.Build.0 = Debug|Win32
		{8FEA8716-7027-431C-9B90-0D8D52E66DED}.Mfc_Dyn_Release.ActiveCfg = Release|Win32
		{8FEA8716-7027-431C-9B90-0D8D52E66DED}.Mfc_Dyn_Release.Build.0 = Release|Win32
		{8FEA8716-7027-431C-9B90-0D8D52E66DED}.Mfc_Dyn_Unicode_Debug.ActiveCfg = Debug|Win32
		{8FEA8716-7027-431C-9B90-0D8D52E66DED}.Mfc_Dyn_Unicode_Debug.Build.0 = Debug|Win32
		{8FEA8716-7027-431C-9B90-0D8D52E66DED}.Mfc_Dyn_Unicode_Release.ActiveCfg = Release|Win32
		{8FEA8716-7027-431C-9B90-0D8D52E66DED}.Mfc_Dyn_Unicode_Release.Build.0 = Release|Win32
		{8FEA8716-7027-431C-9B90-0D8D52E66DED}.Mfc_Static_Debug.ActiveCfg = Debug|Win32
		{8FEA8716-7027-431C-9B90-0D8D52E66DED}.Mfc_Static_Debug.Build.0 = Debug|Win32
		{8FEA8716-7027-431C-9B90-0D8D52E66DED}.Mfc_Static_Release.ActiveCfg = Release|Win32
		{8FEA8716-7027-431C-9B90-0D8D52E66DED}.Mfc_Static_Release.Build.0 = Release|Win32
		{8FEA8716-7027-431C-9B90-0D8D52E66DED}.Mfc_Static_Unicode_Debug.ActiveCfg = Debug|Win32
		{8FEA8716-7027-431C-9B90-0D8D52E66DED}.Mfc_Static_Unicode_Debug.Build.0 = Debug|Win32
		{8FEA8716-7027-431C-9B90-0D8D52E66DED}.Mfc_Static_Unicode_Release.ActiveCfg = Release|Win32
		{8FEA8716-7027-431C-9B90-0D8D52E66DED}.Mfc_Static_Unicode_Release.Build.0 = Release|Win32
		{8FEA8716-7027-431C-9B90-0D8D52E66DED}.Release.ActiveCfg = Release|Win32
		{0382DE15-EE67-4082-A687-FFDCE78D619B}.Arith_Dyn_Debug.ActiveCfg = Debug|Win32
		{0382DE15-EE67-4082-A687-FFDCE78D619B}.Arith_Dyn_Debug.Build.0 = Debug|Win32
		{0382DE15-EE67-4082-A687-FFDCE78D619B}.Arith_Dyn_Release.ActiveCfg = Release|Win32
		{0382DE15-EE67-4082-A687-FFDCE78D619B}.Arith_Dyn_Release.Build.0 = Release|Win32
		{0382DE15-EE67-4082-A687-FFDCE78D619B}.Arith_Static_Debug.ActiveCfg = Debug|Win32
		{0382DE15-EE67-4082-A687-FFDCE78D619B}.Arith_Static_Debug.Build.0 = Debug|Win32
		{0382DE15-EE67-4082-A687-FFDCE78D619B}.Arith_Static_Release.ActiveCfg = Release|Win32
		{0382DE15-EE67-4082-A687-FFDCE78D619B}.Arith_Static_Release.Build.0 = Release|Win32
		{0382DE15-EE67-4082-A687-FFDCE78D619B}.Debug.ActiveCfg = Debug|Win32
		{0382DE15-EE67-4082-A687-FFDCE78D619B}.Mfc_Dyn_Debug.ActiveCfg = Debug|Win32
		{0382DE15-EE67-4082-A687-FFDCE78D619B}.Mfc_Dyn_Debug.Build.0 = Debug|Win32
		{0382DE15-EE67-4082-A687-FFDCE78D619B}.Mfc_Dyn_Release.ActiveCfg = Release|Win32
		{0382DE15-EE67-4082-A687-FFDCE78D619B}.Mfc_Dyn_Release.Build.0 = Release|Win32
		{0382DE15-EE67-4082-A687-FFDCE78D619B}.Mfc_Dyn_Unicode_Debug.ActiveCfg = Debug|Win32
		{0382DE15-EE67-4082-A687-FFDCE78D619B}.Mfc_Dyn_Unicode_Debug.Build.0 = Debug|Win32
		{0382DE15-EE67-4082-A687-FFDCE78D619B}.Mfc_Dyn_Unicode_Release.ActiveCfg = Release|Win32
		{0382DE15-EE67-4082-A687-FFDCE78D619B}.Mfc_Dyn_Unicode_Release.Build.0 = Release|Win32
		{0382DE15-EE67-4082-A687-FFDCE78D619B}.Mfc_Static_Debug.ActiveCfg = Debug|Win32
		{0382DE15-EE67-4082-A687-FFDCE78D619B}.Mfc_Static_Debug.Build.0 = Debug|Win32
		{0382DE15-EE67-4082-A687-FFDCE78D619B}.Mfc_Static_Release.ActiveCfg = Release|Win32
		{0382DE15-EE67-4082-A687-FFDCE78D619B}.Mfc_Static_Release.Build.0 = Release|Win32
		{0382DE15-EE67-4082-A687-FFDCE78D619B}.Mfc_Static_Unicode_Debug.ActiveCfg = Debug|Win32
		{0382DE15-EE67-4082-A687-FFDCE78D619B}.Mfc_Static_Unicode_Debug.Build.0 = Debug|Win32
		{0382DE15-EE67-4082-A687-FFDCE78D619B}.Mfc_Static_Unicode_Release.ActiveCfg = Release|Win32
		{0382DE15-EE67-4082-A687-FFDCE78D619B}.Mfc_Static_Unicode_Release.Build.0 = Release|Win32
		{0382DE15-EE67-4082-A687-FFDCE78D619B}.Release.ActiveCfg = Release|Win32
		{2382D20A-C951-4ACD-B0A8-ABAC395FD48E}.Arith_Dyn_Debug.ActiveCfg = Debug|Win32
		{2382D20A-C951-4ACD-B0A8-ABAC395FD48E}.Arith_Dyn_Debug.Build.0 = Debug|Win32
		{2382D20A-C951-4ACD-B0A8-ABAC395FD48E}.Arith_Dyn_Release.ActiveCfg = Release|Win32
		{2382D20A-C951-4ACD-B0A8-ABAC395FD48E}.Arith_Dyn_Release.Build.0 = Release|Win32
		{2382D20A-C951-4ACD-B0A8-ABAC395FD48E}.Arith_Static_Debug.ActiveCfg = Debug|Win32
		{2382D20A-C951-4ACD-B0A8-ABAC395FD48E}.Arith_Static_Debug.Build.0 = Debug|Win32
		{2382D20A-C951-4ACD-B0A8-ABAC395FD48E}.Arith_Static_Release.ActiveCfg = Release|Win32
		{2382D20A-C951-4ACD-B0A8-ABAC395FD48E}.Arith_Static_Release.Build.0 = Release|Win32
		{2382D20A-C951-4ACD-B0A8-ABAC395FD48E}.Debug.ActiveCfg = Debug|Win32
		{2382D20A-C951-4ACD-B0A8-ABAC395FD48E}.Mfc_Dyn_Debug.ActiveCfg = Debug|Win32
		{2382D20A-C951-4ACD-B0A8-ABAC395FD48E}.Mfc_Dyn_Debug.Build.0 = Debug|Win32
		{2382D20A-C951-4ACD-B0A8-ABAC395FD48E}.Mfc_Dyn_Release.ActiveCfg = Release|Win32
		{2382D20A-C951-4ACD-B0A8-ABAC395FD48E}.Mfc_Dyn_Release.Build.0 = Release|Win32
		{2382D20A-C951-4ACD-B0A8-ABAC395FD48E}.Mfc_Dyn_Unicode_Debug.ActiveCfg = Debug|Win32
		{2382D20A-C951-4ACD-B0A8-ABAC395FD48E}.Mfc_Dyn_Unicode_Debug.Build.0 = Debug|Win32
		{2382D20A-C951-4ACD-B0A8-ABAC395FD48E}.Mfc_Dyn_Unicode_Release.ActiveCfg = Release|Win32
		{2382D20A-C951-4ACD-B0A8-ABAC395FD48E}.Mfc_Dyn_Unicode_Release.Build.0 = Release|Win32
		{2382D20A-C951-4ACD-B0A8-ABAC395FD48E}.Mfc_Static_Debug.ActiveCfg = Debug|Win32
		{2382D20A-C951-4ACD-B0A8-ABAC395FD48E}.Mfc_Static_Debug.Build.0 = Debug|Win32
		{2382D20A-C951-4ACD-B0A8-ABAC395FD48E}.Mfc_Static_Release.ActiveCfg = Release|Win32
		{2382D20A-C951-4ACD-B0A8-ABAC395FD48E}.Mfc_Static_Release.Build.0 = Release|Win32
		{2382D20A-C951-4ACD-B0A8-ABAC395FD48E}.Mfc_Static_Unicode_Debug.ActiveCfg = Debug|Win32
		{2382D20A-C951-4ACD-B0A8-ABAC395FD48E}.Mfc_Static_Unicode_Debug.Build.0 = Debug|Win32
		{2382D20A-C951-4ACD-B0A8-ABAC395FD48E}.Mfc_Static_Unicode_Release.ActiveCfg = Release|Win32
		{2382D20A-C951-4ACD-B0A8-ABAC395FD48E}.Mfc_Static_Unicode_Release.Build.0 = Release|Win32
		{2382D20A-C951-4ACD-B0A8-ABAC395FD48E}.Release.ActiveCfg = Release|Win32
		{838FF780-E5CD-4DA8-99B5-5171A925FFBE}.Arith_Dyn_Debug.ActiveCfg = Debug|Win32
		{838FF780-E5CD-4DA8-99B5-5171A925FFBE}.Arith_Dyn_Debug.Build.0 = Debug|Win32
		{838FF780-E5CD-4DA8-99B5-5171A925FFBE}.Arith_Dyn_Release.ActiveCfg = Release|Win32
		{838FF780-E5CD-4DA8-99B5-5171A925FFBE}.Arith_Dyn_Release.Build.0 = Release|Win32
		{838FF780-E5CD-4DA8-99B5-5171A925FFBE}.Arith_Static_Debug.ActiveCfg = Debug|Win32
		{838FF780-E5CD-4DA8-99B5-5171A925FFBE}.Arith_Static_Debug.Build.0 = Debug|Win32
		{838FF780-E5CD-4DA8-99B5-5171A925FFBE}.Arith_Static_Release.ActiveCfg = Release|Win32
		{838FF780-E5CD-4DA8-99B5-5171A925FFBE}.Arith_Static_Release.Build.0 = Release|Win32
		{838FF780-E5CD-4DA8-99B5-5171A925FFBE}.Debug.ActiveCfg = Debug|Win32
		{838FF780-E5CD-4DA8-99B5-5171A925FFBE}.Mfc_Dyn_Debug.ActiveCfg = Debug|Win32
		{838FF780-E5CD-4DA8-99B5-5171A925FFBE}.Mfc_Dyn_Debug.Build.0 = Debug|Win32
		{838FF780-E5CD-4DA8-99B5-5171A925FFBE}.Mfc_Dyn_Release.ActiveCfg = Release|Win32
		{838FF780-E5CD-4DA8-99B5-5171A925FFBE}.Mfc_Dyn_Release.Build.0 = Release|Win32
		{838FF780-E5CD-4DA8-99B5-5171A925FFBE}.Mfc_Dyn_Unicode_Debug.ActiveCfg = Debug|Win32
		{838FF780-E5CD-4DA8-99B5-5171A925FFBE}.Mfc_Dyn_Unicode_Debug.Build.0 = Debug|Win32
		{838FF780-E5CD-4DA8-99B5-5171A925FFBE}.Mfc_Dyn_Unicode_Release.ActiveCfg = Release|Win32
		{838FF780-E5CD-4DA8-99B5-5171A925FFBE}.Mfc_Dyn_Unicode_Release.Build.0 = Release|Win32
		{838FF780-E5CD-4DA8-99B5-5171A925FFBE}.Mfc_Static_Debug.ActiveCfg = Debug|Win32
		{838FF780-E5CD-4DA8-99B5-5171A925FFBE}.Mfc_Static_Debug.Build.0 = Debug|Win32
		{838FF780-E5CD-4DA8-99B5-5171A925FFBE}.Mfc_Static_Release.ActiveCfg = Release|Win32
		{838FF780-E5CD-4DA8-99B5-5171A925FFBE}.Mfc_Static_Release.Build.0 = Release|Win32
		{838FF780-E5CD-4DA8-99B5-5171A925FFBE}.Mfc_Static_Unicode_Debug.ActiveCfg = Debug|Win32
		{838FF780-E5CD-4DA8-99B5-5171A925FFBE}.Mfc_Static_Unicode_Debug.Build.0 = Debug|Win32
		{838FF780-E5CD-4DA8-99B5-5171A925FFBE}.Mfc_Static_Unicode_Release.ActiveCfg = Release|Win32
		{838FF780-E5CD-4DA8-99B5-5171A925FFBE}.Mfc_Static_Unicode_Release.Build.0 = Release|Win32
		{838FF780-E5CD-4DA8-99B5-5171A925FFBE}.Release.ActiveCfg = Release|Win32
		{9E806EED-C407-46F6-B0CD-A78043FA11A2}.Arith_Dyn_Debug.ActiveCfg = Debug|Win32
		{9E806EED-C407-46F6-B0CD-A78043FA11A2}.Arith_Dyn_Debug.Build.0 = Debug|Win32
		{9E806EED-C407-46F6-B0CD-A78043FA11A2}.Arith_Dyn_Release.ActiveCfg = Release|Win32
		{9E806EED-C407-46F6-B0CD-A78043FA11A2}.Arith_Dyn_Release.Build.0 = Release|Win32
		{9E806EED-C407-46F6-B0CD-A78043FA11A2}.Arith_Static_Debug.ActiveCfg = Debug|Win32
		{9E806EED-C407-46F6-B0CD-A78043FA11A2}.Arith_Static_Debug.Build.0 = Debug|Win32
		{9E806EED-C407-46F6-B0CD-A78043FA11A2}.Arith_Static_Release.ActiveCfg = Release|Win32
		{9E806EED-C407-46F6-B0CD-A78043FA11A2}.Arith_Static_Release.Build.0 = Release|Win32
		{9E806EED-C407-46F6-B0CD-A78043FA11A2}.Debug.ActiveCfg = Debug|Win32
		{9E806EED-C407-46F6-B0CD-A78043FA11A2}.Mfc_Dyn_Debug.ActiveCfg = Debug|Win32
		{9E806EED-C407-46F6-B0CD-A78043FA11A2}.Mfc_Dyn_Debug.Build.0 = Debug|Win32
		{9E806EED-C407-46F6-B0CD-A78043FA11A2}.Mfc_Dyn_Release.ActiveCfg = Release|Win32
		{9E806EED-C407-46F6-B0CD-A78043FA11A2}.Mfc_Dyn_Release.Build.0 = Release|Win32
		{9E806EED-C407-46F6-B0CD-A78043FA11A2}.Mfc_Dyn_Unicode_Debug.ActiveCfg = Debug|Win32
		{9E806EED-C407-46F6-B0CD-A78043FA11A2}.Mfc_Dyn_Unicode_Debug.Build.0 = Debug|Win32
		{9E806EED-C407-46F6-B0CD-A78043FA11A2}.Mfc_Dyn_Unicode_Release.ActiveCfg = Release|Win32
		{9E806EED-C407-46F6-B0CD-A78043FA11A2}.Mfc_Dyn_Unicode_Release.Build.0 = Release|Win32
		{9E806EED-C407-46F6-B0CD-A78043FA11A2}.Mfc_Static_Debug.ActiveCfg = Debug|Win32
		{9E806EED-C407-46F6-B0CD-A78043FA11A2}.Mfc_Static_Debug.Build.0 = Debug|Win32
		{9E806EED-C407-46F6-B0CD-A78043FA11A2}.Mfc_Static_Release.ActiveCfg = Release|Win32
		{9E806EED-C407-46F6-B0CD-A78043FA11A2}.Mfc_Static_Release.Build.0 = Release|Win32
		{9E806EED-C407-46F6-B0CD-A78043FA11A2}.Mfc_Static_Unicode_Debug.ActiveCfg = Debug|Win32
		{9E806EED-C407-46F6-B0CD-A78043FA11A2}.Mfc_Static_Unicode_Debug.Build.0 = Debug|Win32
		{9E806EED-C407-46F6-B0CD-A78043FA11A2}.Mfc_Static_Unicode_Release.ActiveCfg = Release|Win32
		{9E806EED-C407-46F6-B0CD-A78043FA11A2}.Mfc_Static_Unicode_Release.Build.0 = Release|Win32
		{9E806EED-C407-46F6-B0CD-A78043FA11A2}.Release.ActiveCfg = Release|Win32
		{37C49032-2515-45A4-A954-C45321C2CF64}.Arith_Dyn_Debug.ActiveCfg = Debug|Win32
		{37C49032-2515-45A4-A954-C45321C2CF64}.Arith_Dyn_Debug.Build.0 = Debug|Win32
		{37C49032-2515-45A4-A954-C45321C2CF64}.Arith_Dyn_Release.ActiveCfg = Release|Win32
		{37C49032-2515-45A4-A954-C45321C2CF64}.Arith_Dyn_Release.Build.0 = Release|Win32
		{37C49032-2515-45A4-A954-C45321C2CF64}.Arith_Static_Debug.ActiveCfg = Debug|Win32
		{37C49032-2515-45A4-A954-C45321C2CF64}.Arith_Static_Debug.Build.0 = Debug|Win32
		{37C49032-2515-45A4-A954-C45321C2CF64}.Arith_Static_Release.ActiveCfg = Release|Win32
		{37C49032-2515-45A4-A954-C45321C2CF64}.Arith_Static_Release.Build.0 = Release|Win32
		{37C49032-2515-45A4-A954-C45321C2CF64}.Debug.ActiveCfg = Debug|Win32
		{37C49032-2515-45A4-A954-C45321C2CF64}.Mfc_Dyn_Debug.ActiveCfg = Debug|Win32
		{37C49032-2515-45A4-A954-C45321C2CF64}.Mfc_Dyn_Debug.Build.0 = Debug|Win32
		{37C49032-2515-45A4-A954-C45321C2CF64}.Mfc_Dyn_Release.ActiveCfg = Release|Win32
		{37C49032-2515-45A4-A954-C45321C2CF64}.Mfc_Dyn_Release.Build.0 = Release|Win32
		{37C49032-2515-45A4-A954-C45321C2CF64}.Mfc_Dyn_Unicode_Debug.ActiveCfg = Debug|Win32
		{37C49032-2515-45A4-A954-C45321C2CF64}.Mfc_Dyn_Unicode_Debug.Build.0 = Debug|Win32
		{37C49032-2515-45A4-A954-C45321C2CF64}.Mfc_Dyn_Unicode_Release.ActiveCfg = Release|Win32
		{37C49032-2515-45A4-A954-C45321C2CF64}.Mfc_Dyn_Unicode_Release.Build.0 = Release|Win32
		{37C49032-2515-45A4-A954-C45321C2CF64}.Mfc_Static_Debug.ActiveCfg = Debug|Win32
		{37C49032-2515-45A4-A954-C45321C2CF64}.Mfc_Static_Debug.Build.0 = Debug|Win32
		{37C49032-2515-45A4-A954-C45321C2CF64}.Mfc_Static_Release.ActiveCfg = Release|Win32
		{37C49032-2515-45A4-A954-C45321C2CF64}.Mfc_Static_Release.Build.0 = Release|Win32
		{37C49032-2515-45A4-A954-C45321C2CF64}.Mfc_Static_Unicode_Debug.ActiveCfg = Debug|Win32
		{37C49032-2515-45A4-A954-C45321C2CF64}.Mfc_Static_Unicode_Debug.Build.0 = Debug|Win32
		{37C49032-2515-45A4-A954-C45321C2CF64}.Mfc_Static_Unicode_Release.ActiveCfg = Release|Win32
		{37C49032-2515-45A4-A954-C45321C2CF64}.Mfc_Static_Unicode_Release.Build.0 = Release|Win32
		{37C49032-2515-45A4-A954-C45321C2CF64}.Release.ActiveCfg = Release|Win32
		{37C49032-2515-45A4-A954-C45321C2CF64}.Release.Build.0 = Release|Win32
		{AD12392B-07E6-4FF3-89D2-310D3BDCC47D}.Arith_Dyn_Debug.ActiveCfg = Debug|Win32
		{AD12392B-07E6-4FF3-89D2-310D3BDCC47D}.Arith_Dyn_Debug.Build.0 = Debug|Win32
		{AD12392B-07E6-4FF3-89D2-310D3BDCC47D}.Arith_Dyn_Release.ActiveCfg = Release|Win32
		{AD12392B-07E6-4FF3-89D2-310D3BDCC47D}.Arith_Dyn_Release.Build.0 = Release|Win32
		{AD12392B-07E6-4FF3-89D2-310D3BDCC47D}.Arith_Static_Debug.ActiveCfg = Debug|Win32
		{AD12392B-07E6-4FF3-89D2-310D3BDCC47D}.Arith_Static_Debug.Build.0 = Debug|Win32
		{AD12392B-07E6-4FF3-89D2-310D3BDCC47D}.Arith_Static_Release.ActiveCfg = Release|Win32
		{AD12392B-07E6-4FF3-89D2-310D3BDCC47D}.Arith_Static_Release.Build.0 = Release|Win32
		{AD12392B-07E6-4FF3-89D2-310D3BDCC47D}.Debug.ActiveCfg = Debug|Win32
		{AD12392B-07E6-4FF3-89D2-310D3BDCC47D}.Mfc_Dyn_Debug.ActiveCfg = Debug|Win32
		{AD12392B-07E6-4FF3-89D2-310D3BDCC47D}.Mfc_Dyn_Debug.Build.0 = Debug|Win32
		{AD12392B-07E6-4FF3-89D2-310D3BDCC47D}.Mfc_Dyn_Release.ActiveCfg = Release|Win32
		{AD12392B-07E6-4FF3-89D2-310D3BDCC47D}.Mfc_Dyn_Release.Build.0 = Release|Win32
		{AD12392B-07E6-4FF3-89D2-310D3BDCC47D}.Mfc_Dyn_Unicode_Debug.ActiveCfg = Debug|Win32
		{AD12392B-07E6-4FF3-89D2-310D3BDCC47D}.Mfc_Dyn_Unicode_Debug.Build.0 = Debug|Win32
		{AD12392B-07E6-4FF3-89D2-310D3BDCC47D}.Mfc_Dyn_Unicode_Release.ActiveCfg = Release|Win32
		{AD12392B-07E6-4FF3-89D2-310D3BDCC47D}.Mfc_Dyn_Unicode_Release.Build.0 = Release|Win32
		{AD12392B-07E6-4FF3-89D2-310D3BDCC47D}.Mfc_Static_Debug.ActiveCfg = Debug|Win32
		{AD12392B-07E6-4FF3-89D2-310D3BDCC47D}.Mfc_Static_Debug.Build.0 = Debug|Win32
		{AD12392B-07E6-4FF3-89D2-310D3BDCC47D}.Mfc_Static_Release.ActiveCfg = Release|Win32
		{AD12392B-07E6-4FF3-89D2-310D3BDCC47D}.Mfc_Static_Release.Build.0 = Release|Win32
		{AD12392B-07E6-4FF3-89D2-310D3BDCC47D}.Mfc_Static_Unicode_Debug.ActiveCfg = Debug|Win32
		{AD12392B-07E6-4FF3-89D2-310D3BDCC47D}.Mfc_Static_Unicode_Debug.Build.0 = Debug|Win32
		{AD12392B-07E6-4FF3-89D2-310D3BDCC47D}.Mfc_Static_Unicode_Release.ActiveCfg = Release|Win32
		{AD12392B-07E6-4FF3-89D2-310D3BDCC47D}.Mfc_Static_Unicode_Release.Build.0 = Release|Win32
		{AD12392B-07E6-4FF3-89D2-310D3BDCC47D}.Release.ActiveCfg = Release|Win32
		{09D209D9-45F1-4B53-AECC-C29CB5734C40}.Arith_Dyn_Debug.ActiveCfg = Debug|Win32
		{09D209D9-45F1-4B53-AECC-C29CB5734C40}.Arith_Dyn_Debug.Build.0 = Debug|Win32
		{09D209D9-45F1-4B53-AECC-C29CB5734C40}.Arith_Dyn_Release.ActiveCfg = Release|Win32
		{09D209D9-45F1-4B53-AECC-C29CB5734C40}.Arith_Dyn_Release.Build.0 = Release|Win32
		{09D209D9-45F1-4B53-AECC-C29CB5734C40}.Arith_Static_Debug.ActiveCfg = Debug|Win32
		{09D209D9-45F1-4B53-AECC-C29CB5734C40}.Arith_Static_Debug.Build.0 = Debug|Win32
		{09D209D9-45F1-4B53-AECC-C29CB5734C40}.Arith_Static_Release.ActiveCfg = Release|Win32
		{09D209D9-45F1-4B53-AECC-C29CB5734C40}.Arith_Static_Release.Build.0 = Release|Win32
		{09D209D9-45F1-4B53-AECC-C29CB5734C40}.Debug.ActiveCfg = Debug|Win32
		{09D209D9-45F1-4B53-AECC-C29CB5734C40}.Mfc_Dyn_Debug.ActiveCfg = Debug|Win32
		{09D209D9-45F1-4B53-AECC-C29CB5734C40}.Mfc_Dyn_Debug.Build.0 = Debug|Win32
		{09D209D9-45F1-4B53-AECC-C29CB5734C40}.Mfc_Dyn_Release.ActiveCfg = Release|Win32
		{09D209D9-45F1-4B53-AECC-C29CB5734C40}.Mfc_Dyn_Release.Build.0 = Release|Win32
		{09D209D9-45F1-4B53-AECC-C29CB5734C40}.Mfc_Dyn_Unicode_Debug.ActiveCfg = Debug|Win32
		{09D209D9-45F1-4B53-AECC-C29CB5734C40}.Mfc_Dyn_Unicode_Debug.Build.0 = Debug|Win32
		{09D209D9-45F1-4B53-AECC-C29CB5734C40}.Mfc_Dyn_Unicode_Release.ActiveCfg = Release|Win32
		{09D209D9-45F1-4B53-AECC-C29CB5734C40}.Mfc_Dyn_Unicode_Release.Build.0 = Release|Win32
		{09D209D9-45F1-4B53-AECC-C29CB5734C40}.Mfc_Static_Debug.ActiveCfg = Debug|Win32
		{09D209D9-45F1-4B53-AECC-C29CB5734C40}.Mfc_Static_Debug.Build.0 = Debug|Win32
		{09D209D9-45F1-4B53-AECC-C29CB5734C40}.Mfc_Static_Release.ActiveCfg = Release|Win32
		{09D209D9-45F1-4B53-AECC-C29CB5734C40}.Mfc_Static_Release.Build.0 = Release|Win32
		{09D209D9-45F1-4B53-AECC-C29CB5734C40}.Mfc_Static_Unicode_Debug.ActiveCfg = Debug|Win32
		{09D209D9-45F1-4B53-AECC-C29CB5734C40}.Mfc_Static_Unicode_Debug.Build.0 = Debug|Win32
		{09D209D9-45F1-4B53-AECC-C29CB5734C40}.Mfc_Static_Unicode_Release.ActiveCfg = Release|Win32
		{09D209D9-45F1-4B53-AECC-C29CB5734C40}.Mfc_Static_Unicode_Release.Build.0 = Release|Win32
		{09D209D9-45F1-4B53-AECC-C29CB5734C40}.Release.ActiveCfg = Release|Win32
		{F62A5742-E0BD-418A-8649-01F835D05895}.Arith_Dyn_Debug.ActiveCfg = Debug|Win32
		{F62A5742-E0BD-418A-8649-01F835D05895}.Arith_Dyn_Debug.Build.0 = Debug|Win32
		{F62A5742-E0BD-418A-8649-01F835D05895}.Arith_Dyn_Release.ActiveCfg = Release|Win32
		{F62A5742-E0BD-418A-8649-01F835D05895}.Arith_Dyn_Release.Build.0 = Release|Win32
		{F62A5742-E0BD-418A-8649-01F835D05895}.Arith_Static_Debug.ActiveCfg = Debug|Win32
		{F62A5742-E0BD-418A-8649-01F835D05895}.Arith_Static_Debug.Build.0 = Debug|Win32
		{F62A5742-E0BD-418A-8649-01F835D05895}.Arith_Static_Release.ActiveCfg = Release|Win32
		{F62A5742-E0BD-418A-8649-01F835D05895}.Arith_Static_Release.Build.0 = Release|Win32
		{F62A5742-E0BD-418A-8649-01F835D05895}.Debug.ActiveCfg = Debug|Win32
		{F62A5742-E0BD-418A-8649-01F835D05895}.Debug.Build.0 = Debug|Win32
		{F62A5742-E0BD-418A-8649-01F835D05895}.Mfc_Dyn_Debug.ActiveCfg = Debug|Win32
		{F62A5742-E0BD-418A-8649-01F835D05895}.Mfc_Dyn_Debug.Build.0 = Debug|Win32
		{F62A5742-E0BD-418A-8649-01F835D05895}.Mfc_Dyn_Release.ActiveCfg = Release|Win32
		{F62A5742-E0BD-418A-8649-01F835D05895}.Mfc_Dyn_Release.Build.0 = Release|Win32
		{F62A5742-E0BD-418A-8649-01F835D05895}.Mfc_Dyn_Unicode_Debug.ActiveCfg = Debug|Win32
		{F62A5742-E0BD-418A-8649-01F835D05895}.Mfc_Dyn_Unicode_Debug.Build.0 = Debug|Win32
		{F62A5742-E0BD-418A-8649-01F835D05895}.Mfc_Dyn_Unicode_Release.ActiveCfg = Release|Win32
		{F62A5742-E0BD-418A-8649-01F835D05895}.Mfc_Dyn_Unicode_Release.Build.0 = Release|Win32
		{F62A5742-E0BD-418A-8649-01F835D05895}.Mfc_Static_Debug.ActiveCfg = Debug|Win32
		{F62A5742-E0BD-418A-8649-01F835D05895}.Mfc_Static_Debug.Build.0 = Debug|Win32
		{F62A5742-E0BD-418A-8649-01F835D05895}.Mfc_Static_Release.ActiveCfg = Release|Win32
		{F62A5742-E0BD-418A-8649-01F835D05895}.Mfc_Static_Release.Build.0 = Release|Win32
		{F62A5742-E0BD-418A-8649-01F835D05895}.Mfc_Static_Unicode_Debug.ActiveCfg = Debug|Win32
		{F62A5742-E0BD-418A-8649-01F835D05895}.Mfc_Static_Unicode_Debug.Build.0 = Debug|Win32
		{F62A5742-E0BD-418A-8649-01F835D05895}.Mfc_Static_Unicode_Release.ActiveCfg = Release|Win32
		{F62A5742-E0BD-418A-8649-01F835D05895}.Mfc_Static_Unicode_Release.Build.0 = Release|Win32
		{F62A5742-E0BD-418A-8649-01F835D05895}.Release.ActiveCfg = Release|Win32
		{DF614B23-DBF5-4F40-A310-24D49F24BA11}.Arith_Dyn_Debug.ActiveCfg = Debug|Win32
		{DF614B23-DBF5-4F40-A310-24D49F24BA11}.Arith_Dyn_Debug.Build.0 = Debug|Win32
		{DF614B23-DBF5-4F40-A310-24D49F24BA11}.Arith_Dyn_Release.ActiveCfg = Release|Win32
		{DF614B23-DBF5-4F40-A310-24D49F24BA11}.Arith_Dyn_Release.Build.0 = Release|Win32
		{DF614B23-DBF5-4F40-A310-24D49F24BA11}.Arith_Static_Debug.ActiveCfg = Debug|Win32
		{DF614B23-DBF5-4F40-A310-24D49F24BA11}.Arith_Static_Debug.Build.0 = Debug|Win32
		{DF614B23-DBF5-4F40-A310-24D49F24BA11}.Arith_Static_Release.ActiveCfg = Release|Win32
		{DF614B23-DBF5-4F40-A310-24D49F24BA11}.Arith_Static_Release.Build.0 = Release|Win32
		{DF614B23-DBF5-4F40-A310-24D49F24BA11}.Debug.ActiveCfg = Debug|Win32
		{DF614B23-DBF5-4F40-A310-24D49F24BA11}.Debug.Build.0 = Debug|Win32
		{DF614B23-DBF5-4F40-A310-24D49F24BA11}.Mfc_Dyn_Debug.ActiveCfg = Debug|Win32
		{DF614B23-DBF5-4F40-A310-24D49F24BA11}.Mfc_Dyn_Debug.Build.0 = Debug|Win32
		{DF614B23-DBF5-4F40-A310-24D49F24BA11}.Mfc_Dyn_Release.ActiveCfg = Release|Win32
		{DF614B23-DBF5-4F40-A310-24D49F24BA11}.Mfc_Dyn_Release.Build.0 = Release|Win32
		{DF614B23-DBF5-4F40-A310-24D49F24BA11}.Mfc_Dyn_Unicode_Debug.ActiveCfg = Debug|Win32
		{DF614B23-DBF5-4F40-A310-24D49F24BA11}.Mfc_Dyn_Unicode_Debug.Build.0 = Debug|Win32
		{DF614B23-DBF5-4F40-A310-24D49F24BA11}.Mfc_Dyn_Unicode_Release.ActiveCfg = Release|Win32
		{DF614B23-DBF5-4F40-A310-24D49F24BA11}.Mfc_Dyn_Unicode_Release.Build.0 = Release|Win32
		{DF614B23-DBF5-4F40-A310-24D49F24BA11}.Mfc_Static_Debug.ActiveCfg = Debug|Win32
		{DF614B23-DBF5-4F40-A310-24D49F24BA11}.Mfc_Static_Debug.Build.0 = Debug|Win32
		{DF614B23-DBF5-4F40-A310-24D49F24BA11}.Mfc_Static_Release.ActiveCfg = Release|Win32
		{DF614B23-DBF5-4F40-A310-24D49F24BA11}.Mfc_Static_Release.Build.0 = Release|Win32
		{DF614B23-DBF5-4F40-A310-24D49F24BA11}.Mfc_Static_Unicode_Debug.ActiveCfg = Debug|Win32
		{DF614B23-DBF5-4F40-A310-24D49F24BA11}.Mfc_Static_Unicode_Debug.Build.0 = Debug|Win32
		{DF614B23-DBF5-4F40-A310-24D49F24BA11}.Mfc_Static_Unicode_Release.ActiveCfg = Release|Win32
		{DF614B23-DBF5-4F40-A310-24D49F24BA11}.Mfc_Static_Unicode_Release.Build.0 = Release|Win32
		{DF614B23-DBF5-4F40-A310-24D49F24BA11}.Release.ActiveCfg = Release|Win32
		{85F20A09-0645-4EAA-A131-5B0F5F752841}.Arith_Dyn_Debug.ActiveCfg = Debug|Win32
		{85F20A09-0645-4EAA-A131-5B0F5F752841}.Arith_Dyn_Debug.Build.0 = Debug|Win32
		{85F20A09-0645-4EAA-A131-5B0F5F752841}.Arith_Dyn_Release.ActiveCfg = Release|Win32
		{85F20A09-0645-4EAA-A131-5B0F5F752841}.Arith_Dyn_Release.Build.0 = Release|Win32
		{85F20A09-0645-4EAA-A131-5B0F5F752841}.Arith_Static_Debug.ActiveCfg = Debug|Win32
		{85F20A09-0645-4EAA-A131-5B0F5F752841}.Arith_Static_Debug.Build.0 = Debug|Win32
		{85F20A09-0645-4EAA-A131-5B0F5F752841}.Arith_Static_Release.ActiveCfg = Release|Win32
		{85F20A09-0645-4EAA-A131-5B0F5F752841}.Arith_Static_Release.Build.0 = Release|Win32
		{85F20A09-0645-4EAA-A131-5B0F5F752841}.Debug.ActiveCfg = Debug|Win32
		{85F20A09-0645-4EAA-A131-5B0F5F752841}.Mfc_Dyn_Debug.ActiveCfg = Debug|Win32
		{85F20A09-0645-4EAA-A131-5B0F5F752841}.Mfc_Dyn_Debug.Build.0 = Debug|Win32
		{85F20A09-0645-4EAA-A131-5B0F5F752841}.Mfc_Dyn_Release.ActiveCfg = Release|Win32
		{85F20A09-0645-4EAA-A131-5B0F5F752841}.Mfc_Dyn_Release.Build.0 = Release|Win32
		{85F20A09-0645-4EAA-A131-5B0F5F752841}.Mfc_Dyn_Unicode_Debug.ActiveCfg = Debug|Win32
		{85F20A09-0645-4EAA-A131-5B0F5F752841}.Mfc_Dyn_Unicode_Debug.Build.0 = Debug|Win32
		{85F20A09-0645-4EAA-A131-5B0F5F752841}.Mfc_Dyn_Unicode_Release.ActiveCfg = Release|Win32
		{85F20A09-0645-4EAA-A131-5B0F5F752841}.Mfc_Dyn_Unicode_Release.Build.0 = Release|Win32
		{85F20A09-0645-4EAA-A131-5B0F5F752841}.Mfc_Static_Debug.ActiveCfg = Debug|Win32
		{85F20A09-0645-4EAA-A131-5B0F5F752841}.Mfc_Static_Debug.Build.0 = Debug|Win32
		{85F20A09-0645-4EAA-A131-5B0F5F752841}.Mfc_Static_Release.ActiveCfg = Release|Win32
		{85F20A09-0645-4EAA-A131-5B0F5F752841}.Mfc_Static_Release.Build.0 = Release|Win32
		{85F20A09-0645-4EAA-A131-5B0F5F752841}.Mfc_Static_Unicode_Debug.ActiveCfg = Debug|Win32
		{85F20A09-0645-4EAA-A131-5B0F5F752841}.Mfc_Static_Unicode_Debug.Build.0 = Debug|Win32
		{85F20A09-0645-4EAA-A131-5B0F5F752841}.Mfc_Static_Unicode_Release.ActiveCfg = Release|Win32
		{85F20A09-0645-4EAA-A131-5B0F5F752841}.Mfc_Static_Unicode_Release.Build.0 = Release|Win32
		{85F20A09-0645-4EAA-A131-5B0F5F752841}.Release.ActiveCfg = Release|Win32
		{0A93D226-9A86-4C3D-9691-DDBA52E79AD2}.Arith_Dyn_Debug.ActiveCfg = Debug|Win32
		{0A93D226-9A86-4C3D-9691-DDBA52E79AD2}.Arith_Dyn_Debug.Build.0 = Debug|Win32
		{0A93D226-9A86-4C3D-9691-DDBA52E79AD2}.Arith_Dyn_Release.ActiveCfg = Release|Win32
		{0A93D226-9A86-4C3D-9691-DDBA52E79AD2}.Arith_Dyn_Release.Build.0 = Release|Win32
		{0A93D226-9A86-4C3D-9691-DDBA52E79AD2}.Arith_Static_Debug.ActiveCfg = Debug|Win32
		{0A93D226-9A86-4C3D-9691-DDBA52E79AD2}.Arith_Static_Debug.Build.0 = Debug|Win32
		{0A93D226-9A86-4C3D-9691-DDBA52E79AD2}.Arith_Static_Release.ActiveCfg = Release|Win32
		{0A93D226-9A86-4C3D-9691-DDBA52E79AD2}.Arith_Static_Release.Build.0 = Release|Win32
		{0A93D226-9A86-4C3D-9691-DDBA52E79AD2}.Debug.ActiveCfg = Debug|Win32
		{0A93D226-9A86-4C3D-9691-DDBA52E79AD2}.Mfc_Dyn_Debug.ActiveCfg = Debug|Win32
		{0A93D226-9A86-4C3D-9691-DDBA52E79AD2}.Mfc_Dyn_Debug.Build.0 = Debug|Win32
		{0A93D226-9A86-4C3D-9691-DDBA52E79AD2}.Mfc_Dyn_Release.ActiveCfg = Release|Win32
		{0A93D226-9A86-4C3D-9691-DDBA52E79AD2}.Mfc_Dyn_Release.Build.0 = Release|Win32
		{0A93D226-9A86-4C3D-9691-DDBA52E79AD2}.Mfc_Dyn_Unicode_Debug.ActiveCfg = Debug|Win32
		{0A93D226-9A86-4C3D-9691-DDBA52E79AD2}.Mfc_Dyn_Unicode_Debug.Build.0 = Debug|Win32
		{0A93D226-9A86-4C3D-9691-DDBA52E79AD2}.Mfc_Dyn_Unicode_Release.ActiveCfg = Release|Win32
		{0A93D226-9A86-4C3D-9691-DDBA52E79AD2}.Mfc_Dyn_Unicode_Release.Build.0 = Release|Win32
		{0A93D226-9A86-4C3D-9691-DDBA52E79AD2}.Mfc_Static_Debug.ActiveCfg = Debug|Win32
		{0A93D226-9A86-4C3D-9691-DDBA52E79AD2}.Mfc_Static_Debug.Build.0 = Debug|Win32
		{0A93D226-9A86-4C3D-9691-DDBA52E79AD2}.Mfc_Static_Release.ActiveCfg = Release|Win32
		{0A93D226-9A86-4C3D-9691-DDBA52E79AD2}.Mfc_Static_Release.Build.0 = Release|Win32
		{0A93D226-9A86-4C3D-9691-DDBA52E79AD2}.Mfc_Static_Unicode_Debug.ActiveCfg = Debug|Win32
		{0A93D226-9A86-4C3D-9691-DDBA52E79AD2}.Mfc_Static_Unicode_Debug.Build.0 = Debug|Win32
		{0A93D226-9A86-4C3D-9691-DDBA52E79AD2}.Mfc_Static_Unicode_Release.ActiveCfg = Release|Win32
		{0A93D226-9A86-4C3D-9691-DDBA52E79AD2}.Mfc_Static_Unicode_Release.Build.0 = Release|Win32
		{0A93D226-9A86-4C3D-9691-DDBA52E79AD2}.Release.ActiveCfg = Release|Win32
		{870E3250-81D4-4DDA-A3D7-EA390669F5B5}.Arith_Dyn_Debug.ActiveCfg = Debug|Win32
		{870E3250-81D4-4DDA-A3D7-EA390669F5B5}.Arith_Dyn_Debug.Build.0 = Debug|Win32
		{870E3250-81D4-4DDA-A3D7-EA390669F5B5}.Arith_Dyn_Release.ActiveCfg = Release|Win32
		{870E3250-81D4-4DDA-A3D7-EA390669F5B5}.Arith_Dyn_Release.Build.0 = Release|Win32
		{870E3250-81D4-4DDA-A3D7-EA390669F5B5}.Arith_Static_Debug.ActiveCfg = Debug|Win32
		{870E3250-81D4-4DDA-A3D7-EA390669F5B5}.Arith_Static_Debug.Build.0 = Debug|Win32
		{870E3250-81D4-4DDA-A3D7-EA390669F5B5}.Arith_Static_Release.ActiveCfg = Release|Win32
		{870E3250-81D4-4DDA-A3D7-EA390669F5B5}.Arith_Static_Release.Build.0 = Release|Win32
		{870E3250-81D4-4DDA-A3D7-EA390669F5B5}.Debug.ActiveCfg = Debug|Win32
		{870E3250-81D4-4DDA-A3D7-EA390669F5B5}.Mfc_Dyn_Debug.ActiveCfg = Debug|Win32
		{870E3250-81D4-4DDA-A3D7-EA390669F5B5}.Mfc_Dyn_Debug.Build.0 = Debug|Win32
		{870E3250-81D4-4DDA-A3D7-EA390669F5B5}.Mfc_Dyn_Release.ActiveCfg = Release|Win32
		{870E3250-81D4-4DDA-A3D7-EA390669F5B5}.Mfc_Dyn_Release.Build.0 = Release|Win32
		{870E3250-81D4-4DDA-A3D7-EA390669F5B5}.Mfc_Dyn_Unicode_Debug.ActiveCfg = Debug|Win32
		{870E3250-81D4-4DDA-A3D7-EA390669F5B5}.Mfc_Dyn_Unicode_Debug.Build.0 = Debug|Win32
		{870E3250-81D4-4DDA-A3D7-EA390669F5B5}.Mfc_Dyn_Unicode_Release.ActiveCfg = Release|Win32
		{870E3250-81D4-4DDA-A3D7-EA390669F5B5}.Mfc_Dyn_Unicode_Release.Build.0 = Release|Win32
		{870E3250-81D4-4DDA-A3D7-EA390669F5B5}.Mfc_Static_Debug.ActiveCfg = Debug|Win32
		{870E3250-81D4-4DDA-A3D7-EA390669F5B5}.Mfc_Static_Debug.Build.0 = Debug|Win32
		{870E3250-81D4-4DDA-A3D7-EA390669F5B5}.Mfc_Static_Release.ActiveCfg = Release|Win32
		{870E3250-81D4-4DDA-A3D7-EA390669F5B5}.Mfc_Static_Release.Build.0 = Release|Win32
		{870E3250-81D4-4DDA-A3D7-EA390669F5B5}.Mfc_Static_Unicode_Debug.ActiveCfg = Debug|Win32
		{870E3250-81D4-4DDA-A3D7-EA390669F5B5}.Mfc_Static_Unicode_Debug.Build.0 = Debug|Win32
		{870E3250-81D4-4DDA-A3D7-EA390669F5B5}.Mfc_Static_Unicode_Release.ActiveCfg = Release|Win32
		{870E3250-81D4-4DDA-A3D7-EA390669F5B5}.Mfc_Static_Unicode_Release.Build.0 = Release|Win32
		{870E3250-81D4-4DDA-A3D7-EA390669F5B5}.Release.ActiveCfg = Release|Win32
		{870E3250-81D4-4DDA-A3D7-EA390669F5B5}.Release.Build.0 = Release|Win32
		{6A6F2110-A785-4404-B6E6-E7D3FD8BD04B}.Arith_Dyn_Debug.ActiveCfg = Debug|Win32
		{6A6F2110-A785-4404-B6E6-E7D3FD8BD04B}.Arith_Dyn_Debug.Build.0 = Debug|Win32
		{6A6F2110-A785-4404-B6E6-E7D3FD8BD04B}.Arith_Dyn_Release.ActiveCfg = Release|Win32
		{6A6F2110-A785-4404-B6E6-E7D3FD8BD04B}.Arith_Dyn_Release.Build.0 = Release|Win32
		{6A6F2110-A785-4404-B6E6-E7D3FD8BD04B}.Arith_Static_Debug.ActiveCfg = Debug|Win32
		{6A6F2110-A785-4404-B6E6-E7D3FD8BD04B}.Arith_Static_Debug.Build.0 = Debug|Win32
		{6A6F2110-A785-4404-B6E6-E7D3FD8BD04B}.Arith_Static_Release.ActiveCfg = Release|Win32
		{6A6F2110-A785-4404-B6E6-E7D3FD8BD04B}.Arith_Static_Release.Build.0 = Release|Win32
		{6A6F2110-A785-4404-B6E6-E7D3FD8BD04B}.Debug.ActiveCfg = Debug|Win32
		{6A6F2110-A785-4404-B6E6-E7D3FD8BD04B}.Debug.Build.0 = Debug|Win32
		{6A6F2110-A785-4404-B6E6-E7D3FD8BD04B}.Mfc_Dyn_Debug.ActiveCfg = Debug|Win32
		{6A6F2110-A785-4404-B6E6-E7D3FD8BD04B}.Mfc_Dyn_Debug.Build.0 = Debug|Win32
		{6A6F2110-A785-4404-B6E6-E7D3FD8BD04B}.Mfc_Dyn_Release.ActiveCfg = Release|Win32
		{6A6F2110-A785-4404-B6E6-E7D3FD8BD04B}.Mfc_Dyn_Release.Build.0 = Release|Win32
		{6A6F2110-A785-4404-B6E6-E7D3FD8BD04B}.Mfc_Dyn_Unicode_Debug.ActiveCfg = Debug|Win32
		{6A6F2110-A785-4404-B6E6-E7D3FD8BD04B}.Mfc_Dyn_Unicode_Debug.Build.0 = Debug|Win32
		{6A6F2110-A785-4404-B6E6-E7D3FD8BD04B}.Mfc_Dyn_Unicode_Release.ActiveCfg = Release|Win32
		{6A6F2110-A785-4404-B6E6-E7D3FD8BD04B}.Mfc_Dyn_Unicode_Release.Build.0 = Release|Win32
		{6A6F2110-A785-4404-B6E6-E7D3FD8BD04B}.Mfc_Static_Debug.ActiveCfg = Debug|Win32
		{6A6F2110-A785-4404-B6E6-E7D3FD8BD04B}.Mfc_Static_Debug.Build.0 = Debug|Win32
		{6A6F2110-A785-4404-B6E6-E7D3FD8BD04B}.Mfc_Static_Release.ActiveCfg = Release|Win32
		{6A6F2110-A785-4404-B6E6-E7D3FD8BD04B}.Mfc_Static_Release.Build.0 = Release|Win32
		{6A6F2110-A785-4404-B6E6-E7D3FD8BD04B}.Mfc_Static_Unicode_Debug.ActiveCfg = Debug|Win32
		{6A6F2110-A785-4404-B6E6-E7D3FD8BD04B}.Mfc_Static_Unicode_Debug.Build.0 = Debug|Win32
		{6A6F2110-A785-4404-B6E6-E7D3FD8BD04B}.Mfc_Static_Unicode_Release.ActiveCfg = Release|Win32
		{6A6F2110-A785-4404-B6E6-E7D3FD8BD04B}.Mfc_Static_Unicode_Release.Build.0 = Release|Win32
		{6A6F2110-A785-4404-B6E6-E7D3FD8BD04B}.Release.ActiveCfg = Release|Win32
		{6A6F2110-A785-4404-B6E6-E7D3FD8BD04B}.Release.Build.0 = Release|Win32
	EndGlobalSection
	GlobalSection(ExtensibilityGlobals) = postSolution
	EndGlobalSection
	GlobalSection(ExtensibilityAddIns) = postSolution
	EndGlobalSection
EndGlobal
